
Microsoft Visual Studio Solution File, Format Version 12.00
# Visual Studio Version 16
VisualStudioVersion = 16.0.30309.148
MinimumVisualStudioVersion = 10.0.40219.1
Project("{FAE04EC0-301F-11D3-BF4B-00C04F79EFBC}") = "ODataWebApiIssue1667Repro", "ODataWebApiIssue1667Repro\ODataWebApiIssue1667Repro.csproj", "{67E1D6C5-1CDE-4ACD-A3AE-865935E78DCE}"
EndProject
Project("{FAE04EC0-301F-11D3-BF4B-00C04F79EFBC}") = "ODataWebApiIssue1667Repro.Lib", "ODataWebApiIssue1667Repro.Lib\ODataWebApiIssue1667Repro.Lib.csproj", "{942F4FB8-E3D8-4514-8CFA-84DB34F8A596}"
EndProject
Global
	GlobalSection(SolutionConfigurationPlatforms) = preSolution
		Debug|Any CPU = Debug|Any CPU
		Release|Any CPU = Release|Any CPU
	EndGlobalSection
	GlobalSection(ProjectConfigurationPlatforms) = postSolution
		{67E1D6C5-1CDE-4ACD-A3AE-865935E78DCE}.Debug|Any CPU.ActiveCfg = Debug|Any CPU
		{67E1D6C5-1CDE-4ACD-A3AE-865935E78DCE}.Debug|Any CPU.Build.0 = Debug|Any CPU
		{67E1D6C5-1CDE-4ACD-A3AE-865935E78DCE}.Release|Any CPU.ActiveCfg = Release|Any CPU
		{67E1D6C5-1CDE-4ACD-A3AE-865935E78DCE}.Release|Any CPU.Build.0 = Release|Any CPU
		{942F4FB8-E3D8-4514-8CFA-84DB34F8A596}.Debug|Any CPU.ActiveCfg = Debug|Any CPU
		{942F4FB8-E3D8-4514-8CFA-84DB34F8A596}.Debug|Any CPU.Build.0 = Debug|Any CPU
		{942F4FB8-E3D8-4514-8CFA-84DB34F8A596}.Release|Any CPU.ActiveCfg = Release|Any CPU
		{942F4FB8-E3D8-4514-8CFA-84DB34F8A596}.Release|Any CPU.Build.0 = Release|Any CPU
	EndGlobalSection
	GlobalSection(SolutionProperties) = preSolution
		HideSolutionNode = FALSE
	EndGlobalSection
	GlobalSection(ExtensibilityGlobals) = postSolution
		SolutionGuid = {68A41B53-A4C5-4BA7-AADF-CB0A9AF809FB}
	EndGlobalSection
EndGlobal
